Microsoft Visual Studio Solution File, Format Version 12.00
# Visual Studio Version 17
VisualStudioVersion = 17.14.35806.103
MinimumVisualStudioVersion = 10.0.40219.1
Project("{FAE04EC0-301F-11D3-BF4B-00C04F79EFBC}") = "3sayi", "3sayi\3sayi.csproj", "{EFCAB1B1-7225-48FA-A5A7-5D8565CEB9EC}"
EndProject
Global
	GlobalSection(SolutionConfigurationPlatforms) = preSolution
		Debug|Any CPU = Debug|Any CPU
		Release|Any CPU = Release|Any CPU
	EndGlobalSection
	GlobalSection(ProjectConfigurationPlatforms) = postSolution
		{EFCAB1B1-7225-48FA-A5A7-5D8565CEB9EC}.Debug|Any CPU.ActiveCfg = Debug|Any CPU
		{EFCAB1B1-7225-48FA-A5A7-5D8565CEB9EC}.Debug|Any CPU.Build.0 = Debug|Any CPU
		{EFCAB1B1-7225-48FA-A5A7-5D8565CEB9EC}.Release|Any CPU.ActiveCfg = Release|Any CPU
		{EFCAB1B1-7225-48FA-A5A7-5D8565CEB9EC}.Release|Any CPU.Build.0 = Release|Any CPU
	EndGlobalSection
	GlobalSection(SolutionProperties) = preSolution
		HideSolutionNode = FALSE
	EndGlobalSection
	GlobalSection(ExtensibilityGlobals) = postSolution
		SolutionGuid = {8F4D0754-9C50-4F6F-BFD6-2E928FE5506C}
	EndGlobalSection
EndGlobal
